
Microsoft Visual Studio Solution File, Format Version 12.00
# Visual Studio 2013
VisualStudioVersion = 12.0.30501.0
MinimumVisualStudioVersion = 10.0.40219.1
Project("{FAE04EC0-301F-11D3-BF4B-00C04F79EFBC}") = "Demo_MG_BouncingBall.Sprint1", "Demo_MG_BouncingBall\Demo_MG_BouncingBall.Sprint1.csproj", "{5BC368DE-85FF-4EBC-91A3-64BA87E061F5}"
EndProject
Global
	GlobalSection(SolutionConfigurationPlatforms) = preSolution
		Debug|x86 = Debug|x86
		Release|x86 = Release|x86
	EndGlobalSection
	GlobalSection(ProjectConfigurationPlatforms) = postSolution
		{5BC368DE-85FF-4EBC-91A3-64BA87E061F5}.Debug|x86.ActiveCfg = Debug|x86
		{5BC368DE-85FF-4EBC-91A3-64BA87E061F5}.Debug|x86.Build.0 = Debug|x86
		{5BC368DE-85FF-4EBC-91A3-64BA87E061F5}.Release|x86.ActiveCfg = Release|x86
		{5BC368DE-85FF-4EBC-91A3-64BA87E061F5}.Release|x86.Build.0 = Release|x86
	EndGlobalSection
	GlobalSection(SolutionProperties) = preSolution
		HideSolutionNode = FALSE
	EndGlobalSection
EndGlobal
